
Microsoft Visual Studio Solution File, Format Version 12.00
# Visual Studio 15
VisualStudioVersion = 15.0.26730.8
MinimumVisualStudioVersion = 10.0.40219.1
Project("{FAE04EC0-301F-11D3-BF4B-00C04F79EFBC}") = "InMemoryIssue.ConsoleApp", "InMemoryIssue.ConsoleApp\InMemoryIssue.ConsoleApp.csproj", "{2D34BD53-144D-47DF-9730-A1BCDD3826BF}"
EndProject
Project("{FAE04EC0-301F-11D3-BF4B-00C04F79EFBC}") = "InMemoryIssue.Domain", "InMemoryIssue.Domain\InMemoryIssue.Domain.csproj", "{6FE0E707-2CA5-49DD-9981-AF78F5C18CED}"
EndProject
Project("{FAE04EC0-301F-11D3-BF4B-00C04F79EFBC}") = "InMemoryIssue.UnitTests", "InMemoryIssue.UnitTests\InMemoryIssue.UnitTests.csproj", "{27C8CCFC-AB4A-45CC-AE52-B64D9FC512E2}"
EndProject
Global
	GlobalSection(SolutionConfigurationPlatforms) = preSolution
		Debug|Any CPU = Debug|Any CPU
		Release|Any CPU = Release|Any CPU
	EndGlobalSection
	GlobalSection(ProjectConfigurationPlatforms) = postSolution
		{2D34BD53-144D-47DF-9730-A1BCDD3826BF}.Debug|Any CPU.ActiveCfg = Debug|Any CPU
		{2D34BD53-144D-47DF-9730-A1BCDD3826BF}.Debug|Any CPU.Build.0 = Debug|Any CPU
		{2D34BD53-144D-47DF-9730-A1BCDD3826BF}.Release|Any CPU.ActiveCfg = Release|Any CPU
		{2D34BD53-144D-47DF-9730-A1BCDD3826BF}.Release|Any CPU.Build.0 = Release|Any CPU
		{6FE0E707-2CA5-49DD-9981-AF78F5C18CED}.Debug|Any CPU.ActiveCfg = Debug|Any CPU
		{6FE0E707-2CA5-49DD-9981-AF78F5C18CED}.Debug|Any CPU.Build.0 = Debug|Any CPU
		{6FE0E707-2CA5-49DD-9981-AF78F5C18CED}.Release|Any CPU.ActiveCfg = Release|Any CPU
		{6FE0E707-2CA5-49DD-9981-AF78F5C18CED}.Release|Any CPU.Build.0 = Release|Any CPU
		{27C8CCFC-AB4A-45CC-AE52-B64D9FC512E2}.Debug|Any CPU.ActiveCfg = Debug|Any CPU
		{27C8CCFC-AB4A-45CC-AE52-B64D9FC512E2}.Debug|Any CPU.Build.0 = Debug|Any CPU
		{27C8CCFC-AB4A-45CC-AE52-B64D9FC512E2}.Release|Any CPU.ActiveCfg = Release|Any CPU
		{27C8CCFC-AB4A-45CC-AE52-B64D9FC512E2}.Release|Any CPU.Build.0 = Release|Any CPU
	EndGlobalSection
	GlobalSection(SolutionProperties) = preSolution
		HideSolutionNode = FALSE
	EndGlobalSection
	GlobalSection(ExtensibilityGlobals) = postSolution
		SolutionGuid = {BE48F8C4-F134-4E66-9033-3D4F00B2216B}
	EndGlobalSection
EndGlobal
